// !$*UTF8*$!
{
	archiveVersion = 1;
	classes = {
	};
	objectVersion = 46;
	objects = {

/* Begin PBXBuildFile section */
		AC0CFD2514245CB4000F858F /* ARTVTweetSendView.m in Sources */ = {isa = PBXBuildFile; fileRef = AC0CFD2414245CB4000F858F /* ARTVTweetSendView.m */; };
		AC556ABA13F8093A00DBDA69 /* UIKit.framework in Frameworks */ = {isa = PBXBuildFile; fileRef = AC556AB913F8093A00DBDA69 /* UIKit.framework */; };
		AC556ABC13F8093A00DBDA69 /* Foundation.framework in Frameworks */ = {isa = PBXBuildFile; fileRef = AC556ABB13F8093A00DBDA69 /* Foundation.framework */; };
		AC556ABE13F8093A00DBDA69 /* CoreGraphics.framework in Frameworks */ = {isa = PBXBuildFile; fileRef = AC556ABD13F8093A00DBDA69 /* CoreGraphics.framework */; };
		AC556AC413F8093A00DBDA69 /* InfoPlist.strings in Resources */ = {isa = PBXBuildFile; fileRef = AC556AC213F8093A00DBDA69 /* InfoPlist.strings */; };
		AC556AC613F8093A00DBDA69 /* main.m in Sources */ = {isa = PBXBuildFile; fileRef = AC556AC513F8093A00DBDA69 /* main.m */; };
		AC556ACA13F8093A00DBDA69 /* ARTVAppDelegate.m in Sources */ = {isa = PBXBuildFile; fileRef = AC556AC913F8093A00DBDA69 /* ARTVAppDelegate.m */; };
		AC556ACD13F8093A00DBDA69 /* MainWindow.xib in Resources */ = {isa = PBXBuildFile; fileRef = AC556ACB13F8093A00DBDA69 /* MainWindow.xib */; };
		AC556AD013F8093A00DBDA69 /* ARTVViewController.m in Sources */ = {isa = PBXBuildFile; fileRef = AC556ACF13F8093A00DBDA69 /* ARTVViewController.m */; };
		AC556AD313F8093A00DBDA69 /* ARTVViewController.xib in Resources */ = {isa = PBXBuildFile; fileRef = AC556AD113F8093A00DBDA69 /* ARTVViewController.xib */; };
		AC556ADB13F80A8B00DBDA69 /* ARTVChannelSelectView.m in Sources */ = {isa = PBXBuildFile; fileRef = AC556ADA13F80A8B00DBDA69 /* ARTVChannelSelectView.m */; };
		AC556ADE13F80AED00DBDA69 /* ARTVTweetStreamView.m in Sources */ = {isa = PBXBuildFile; fileRef = AC556ADD13F80AED00DBDA69 /* ARTVTweetStreamView.m */; };
		AC556AE113F80B0D00DBDA69 /* ARTVCameraOverlayView.m in Sources */ = {isa = PBXBuildFile; fileRef = AC556AE013F80B0D00DBDA69 /* ARTVCameraOverlayView.m */; };
		AC556AF213F82E6800DBDA69 /* UITabBarItemBackground.png in Resources */ = {isa = PBXBuildFile; fileRef = AC556AF013F82E6800DBDA69 /* UITabBarItemBackground.png */; };
		AC556AF313F82E6800DBDA69 /* UITabBarItemBackgroundSelected.png in Resources */ = {isa = PBXBuildFile; fileRef = AC556AF113F82E6800DBDA69 /* UITabBarItemBackgroundSelected.png */; };
		AC556AFA13F82F5A00DBDA69 /* ARTVChannelButton.m in Sources */ = {isa = PBXBuildFile; fileRef = AC556AF913F82F5A00DBDA69 /* ARTVChannelButton.m */; };
		AC556B1713F82F9C00DBDA69 /* CDataScanner.m in Sources */ = {isa = PBXBuildFile; fileRef = AC556B0013F82F9C00DBDA69 /* CDataScanner.m */; };
		AC556B1813F82F9D00DBDA69 /* CFilteringJSONSerializer.m in Sources */ = {isa = PBXBuildFile; fileRef = AC556B0313F82F9C00DBDA69 /* CFilteringJSONSerializer.m */; };
		AC556B1913F82F9D00DBDA69 /* CJSONDeserializer_BlocksExtensions.m in Sources */ = {isa = PBXBuildFile; fileRef = AC556B0513F82F9C00DBDA69 /* CJSONDeserializer_BlocksExtensions.m */; };
		AC556B1A13F82F9D00DBDA69 /* CJSONSerialization.m in Sources */ = {isa = PBXBuildFile; fileRef = AC556B0713F82F9C00DBDA69 /* CJSONSerialization.m */; };
		AC556B1B13F82F9D00DBDA69 /* CJSONSerializedData.m in Sources */ = {isa = PBXBuildFile; fileRef = AC556B0913F82F9C00DBDA69 /* CJSONSerializedData.m */; };
		AC556B1C13F82F9D00DBDA69 /* CDataScanner_Extensions.m in Sources */ = {isa = PBXBuildFile; fileRef = AC556B0C13F82F9C00DBDA69 /* CDataScanner_Extensions.m */; };
		AC556B1D13F82F9D00DBDA69 /* NSDictionary_JSONExtensions.m in Sources */ = {isa = PBXBuildFile; fileRef = AC556B0E13F82F9C00DBDA69 /* NSDictionary_JSONExtensions.m */; };
		AC556B1E13F82F9D00DBDA69 /* CJSONDeserializer.m in Sources */ = {isa = PBXBuildFile; fileRef = AC556B1113F82F9C00DBDA69 /* CJSONDeserializer.m */; };
		AC556B1F13F82F9D00DBDA69 /* CJSONScanner.m in Sources */ = {isa = PBXBuildFile; fileRef = AC556B1313F82F9C00DBDA69 /* CJSONScanner.m */; };
		AC556B2013F82F9D00DBDA69 /* CJSONSerializer.m in Sources */ = {isa = PBXBuildFile; fileRef = AC556B1513F82F9C00DBDA69 /* CJSONSerializer.m */; };
		AC556B2613F8303A00DBDA69 /* ARTVChannel.m in Sources */ = {isa = PBXBuildFile; fileRef = AC556B2313F8303A00DBDA69 /* ARTVChannel.m */; };
		AC556B2713F8303A00DBDA69 /* ARTVChannels.m in Sources */ = {isa = PBXBuildFile; fileRef = AC556B2513F8303A00DBDA69 /* ARTVChannels.m */; };
		AC556B2F13F8304A00DBDA69 /* Status.m in Sources */ = {isa = PBXBuildFile; fileRef = AC556B2A13F8304A00DBDA69 /* Status.m */; };
		AC556B3013F8304A00DBDA69 /* StatusSearchResult.m in Sources */ = {isa = PBXBuildFile; fileRef = AC556B2C13F8304A00DBDA69 /* StatusSearchResult.m */; };
		AC556B3113F8304A00DBDA69 /* Twitter.m in Sources */ = {isa = PBXBuildFile; fileRef = AC556B2E13F8304A00DBDA69 /* Twitter.m */; };
		AC556B3413F8307900DBDA69 /* DescriptionBuilder.m in Sources */ = {isa = PBXBuildFile; fileRef = AC556B3313F8307900DBDA69 /* DescriptionBuilder.m */; };
		AC73EEF61476B41E00D8BC4C /* UITabBarItemBackground_1@2x.png in Resources */ = {isa = PBXBuildFile; fileRef = AC73EEEC1476B41E00D8BC4C /* UITabBarItemBackground_1@2x.png */; };
		AC73EEF71476B41E00D8BC4C /* UITabBarItemBackground_2@2x.png in Resources */ = {isa = PBXBuildFile; fileRef = AC73EEED1476B41E00D8BC4C /* UITabBarItemBackground_2@2x.png */; };
		AC73EEF81476B41E00D8BC4C /* UITabBarItemBackground_4@2x.png in Resources */ = {isa = PBXBuildFile; fileRef = AC73EEEE1476B41E00D8BC4C /* UITabBarItemBackground_4@2x.png */; };
		AC73EEF91476B41E00D8BC4C /* UITabBarItemBackground_3@2x.png in Resources */ = {isa = PBXBuildFile; fileRef = AC73EEEF1476B41E00D8BC4C /* UITabBarItemBackground_3@2x.png */; };
		AC73EEFA1476B41E00D8BC4C /* UITabBarItemBackground_5@2x.png in Resources */ = {isa = PBXBuildFile; fileRef = AC73EEF01476B41E00D8BC4C /* UITabBarItemBackground_5@2x.png */; };
		AC73EEFB1476B41E00D8BC4C /* UITabBarItemBackgroundSelected_1@2x.png in Resources */ = {isa = PBXBuildFile; fileRef = AC73EEF11476B41E00D8BC4C /* UITabBarItemBackgroundSelected_1@2x.png */; };
		AC73EEFC1476B41E00D8BC4C /* UITabBarItemBackgroundSelected_2@2x.png in Resources */ = {isa = PBXBuildFile; fileRef = AC73EEF21476B41E00D8BC4C /* UITabBarItemBackgroundSelected_2@2x.png */; };
		AC73EEFD1476B41E00D8BC4C /* UITabBarItemBackgroundSelected_4@2x.png in Resources */ = {isa = PBXBuildFile; fileRef = AC73EEF31476B41E00D8BC4C /* UITabBarItemBackgroundSelected_4@2x.png */; };
		AC73EEFE1476B41E00D8BC4C /* UITabBarItemBackgroundSelected_3@2x.png in Resources */ = {isa = PBXBuildFile; fileRef = AC73EEF41476B41E00D8BC4C /* UITabBarItemBackgroundSelected_3@2x.png */; };
		AC73EEFF1476B41E00D8BC4C /* UITabBarItemBackgroundSelected_5@2x.png in Resources */ = {isa = PBXBuildFile; fileRef = AC73EEF51476B41E00D8BC4C /* UITabBarItemBackgroundSelected_5@2x.png */; };
		AC73EF031476B43200D8BC4C /* UITabBarItemBackgroundSelected@2x.png in Resources */ = {isa = PBXBuildFile; fileRef = AC73EF011476B43200D8BC4C /* UITabBarItemBackgroundSelected@2x.png */; };
		AC73EF041476B43200D8BC4C /* UITabBarItemBackground@2x.png in Resources */ = {isa = PBXBuildFile; fileRef = AC73EF021476B43200D8BC4C /* UITabBarItemBackground@2x.png */; };
		AC73EF0F1476B45100D8BC4C /* UITabBarItemBackground_1.jpg in Resources */ = {isa = PBXBuildFile; fileRef = AC73EF051476B45100D8BC4C /* UITabBarItemBackground_1.jpg */; };
		AC73EF101476B45100D8BC4C /* UITabBarItemBackground_2.jpg in Resources */ = {isa = PBXBuildFile; fileRef = AC73EF061476B45100D8BC4C /* UITabBarItemBackground_2.jpg */; };
		AC73EF111476B45100D8BC4C /* UITabBarItemBackground_3.jpg in Resources */ = {isa = PBXBuildFile; fileRef = AC73EF071476B45100D8BC4C /* UITabBarItemBackground_3.jpg */; };
		AC73EF121476B45100D8BC4C /* UITabBarItemBackground_4.jpg in Resources */ = {isa = PBXBuildFile; fileRef = AC73EF081476B45100D8BC4C /* UITabBarItemBackground_4.jpg */; };
		AC73EF131476B45100D8BC4C /* UITabBarItemBackground_5.jpg in Resources */ = {isa = PBXBuildFile; fileRef = AC73EF091476B45100D8BC4C /* UITabBarItemBackground_5.jpg */; };
		AC73EF141476B45100D8BC4C /* UITabBarItemBackgroundSelected_1.jpg in Resources */ = {isa = PBXBuildFile; fileRef = AC73EF0A1476B45100D8BC4C /* UITabBarItemBackgroundSelected_1.jpg */; };
		AC73EF151476B45100D8BC4C /* UITabBarItemBackgroundSelected_2.jpg in Resources */ = {isa = PBXBuildFile; fileRef = AC73EF0B1476B45100D8BC4C /* UITabBarItemBackgroundSelected_2.jpg */; };
		AC73EF161476B45100D8BC4C /* UITabBarItemBackgroundSelected_3.jpg in Resources */ = {isa = PBXBuildFile; fileRef = AC73EF0C1476B45100D8BC4C /* UITabBarItemBackgroundSelected_3.jpg */; };
		AC73EF171476B45100D8BC4C /* UITabBarItemBackgroundSelected_4.jpg in Resources */ = {isa = PBXBuildFile; fileRef = AC73EF0D1476B45100D8BC4C /* UITabBarItemBackgroundSelected_4.jpg */; };
		AC73EF181476B45100D8BC4C /* UITabBarItemBackgroundSelected_5.jpg in Resources */ = {isa = PBXBuildFile; fileRef = AC73EF0E1476B45100D8BC4C /* UITabBarItemBackgroundSelected_5.jpg */; };
		ACC2BC751402AD5000F9C75F /* ARTVImagePickerController.m in Sources */ = {isa = PBXBuildFile; fileRef = ACC2BC741402AD5000F9C75F /* ARTVImagePickerController.m */; };
		ACDFC1D615369418004D4B24 /* Twitter.framework in Frameworks */ = {isa = PBXBuildFile; fileRef = ACDFC1D315369407004D4B24 /* Twitter.framework */; settings = {ATTRIBUTES = (Weak, ); }; };
		ACDFC1D8153695A1004D4B24 /* Localizable.strings in Resources */ = {isa = PBXBuildFile; fileRef = ACDFC1D7153695A1004D4B24 /* Localizable.strings */; };
		ACF4A88D140A9EE60081E958 /* Icon@2x.png in Resources */ = {isa = PBXBuildFile; fileRef = ACF4A88C140A9EE60081E958 /* Icon@2x.png */; };
		ACF4A88F140A9EE90081E958 /* Icon.png in Resources */ = {isa = PBXBuildFile; fileRef = ACF4A88E140A9EE90081E958 /* Icon.png */; };
/* End PBXBuildFile section */

/* Begin PBXFileReference section */
		AC0CFD2314245CB4000F858F /* ARTVTweetSendView.h */ = {isa = PBXFileReference; fileEncoding = 4; lastKnownFileType = sourcecode.c.h; path = ARTVTweetSendView.h; sourceTree = "<group>"; };
		AC0CFD2414245CB4000F858F /* ARTVTweetSendView.m */ = {isa = PBXFileReference; fileEncoding = 4; lastKnownFileType = sourcecode.c.objc; path = ARTVTweetSendView.m; sourceTree = "<group>"; };
		AC556AB513F8093A00DBDA69 /* ARTV.app */ = {isa = PBXFileReference; explicitFileType = wrapper.application; includeInIndex = 0; path = ARTV.app; sourceTree = BUILT_PRODUCTS_DIR; };
		AC556AB913F8093A00DBDA69 /* UIKit.framework */ = {isa = PBXFileReference; lastKnownFileType = wrapper.framework; name = UIKit.framework; path = System/Library/Frameworks/UIKit.framework; sourceTree = SDKROOT; };
		AC556ABB13F8093A00DBDA69 /* Foundation.framework */ = {isa = PBXFileReference; lastKnownFileType = wrapper.framework; name = Foundation.framework; path = System/Library/Frameworks/Foundation.framework; sourceTree = SDKROOT; };
		AC556ABD13F8093A00DBDA69 /* CoreGraphics.framework */ = {isa = PBXFileReference; lastKnownFileType = wrapper.framework; name = CoreGraphics.framework; path = System/Library/Frameworks/CoreGraphics.framework; sourceTree = SDKROOT; };
		AC556AC113F8093A00DBDA69 /* ARTV-Info.plist */ = {isa = PBXFileReference; lastKnownFileType = text.plist.xml; path = "ARTV-Info.plist"; sourceTree = "<group>"; };
		AC556AC313F8093A00DBDA69 /* en */ = {isa = PBXFileReference; lastKnownFileType = text.plist.strings; name = en; path = en.lproj/InfoPlist.strings; sourceTree = "<group>"; };
		AC556AC513F8093A00DBDA69 /* main.m */ = {isa = PBXFileReference; lastKnownFileType = sourcecode.c.objc; path = main.m; sourceTree = "<group>"; };
		AC556AC713F8093A00DBDA69 /* ARTV-Prefix.pch */ = {isa = PBXFileReference; lastKnownFileType = sourcecode.c.h; path = "ARTV-Prefix.pch"; sourceTree = "<group>"; };
		AC556AC813F8093A00DBDA69 /* ARTVAppDelegate.h */ = {isa = PBXFileReference; lastKnownFileType = sourcecode.c.h; path = ARTVAppDelegate.h; sourceTree = "<group>"; };
		AC556AC913F8093A00DBDA69 /* ARTVAppDelegate.m */ = {isa = PBXFileReference; lastKnownFileType = sourcecode.c.objc; path = ARTVAppDelegate.m; sourceTree = "<group>"; };
		AC556ACC13F8093A00DBDA69 /* en */ = {isa = PBXFileReference; lastKnownFileType = file.xib; name = en; path = en.lproj/MainWindow.xib; sourceTree = "<group>"; };
		AC556ACE13F8093A00DBDA69 /* ARTVViewController.h */ = {isa = PBXFileReference; lastKnownFileType = sourcecode.c.h; path = ARTVViewController.h; sourceTree = "<group>"; };
		AC556ACF13F8093A00DBDA69 /* ARTVViewController.m */ = {isa = PBXFileReference; lastKnownFileType = sourcecode.c.objc; path = ARTVViewController.m; sourceTree = "<group>"; };
		AC556AD213F8093A00DBDA69 /* en */ = {isa = PBXFileReference; lastKnownFileType = file.xib; name = en; path = en.lproj/ARTVViewController.xib; sourceTree = "<group>"; };
		AC556AD913F80A8B00DBDA69 /* ARTVChannelSelectView.h */ = {isa = PBXFileReference; fileEncoding = 4; lastKnownFileType = sourcecode.c.h; path = ARTVChannelSelectView.h; sourceTree = "<group>"; };
		AC556ADA13F80A8B00DBDA69 /* ARTVChannelSelectView.m */ = {isa = PBXFileReference; fileEncoding = 4; lastKnownFileType = sourcecode.c.objc; path = ARTVChannelSelectView.m; sourceTree = "<group>"; };
		AC556ADC13F80AED00DBDA69 /* ARTVTweetStreamView.h */ = {isa = PBXFileReference; fileEncoding = 4; lastKnownFileType = sourcecode.c.h; path = ARTVTweetStreamView.h; sourceTree = "<group>"; };
		AC556ADD13F80AED00DBDA69 /* ARTVTweetStreamView.m */ = {isa = PBXFileReference; fileEncoding = 4; lastKnownFileType = sourcecode.c.objc; path = ARTVTweetStreamView.m; sourceTree = "<group>"; };
		AC556ADF13F80B0D00DBDA69 /* ARTVCameraOverlayView.h */ = {isa = PBXFileReference; fileEncoding = 4; lastKnownFileType = sourcecode.c.h; path = ARTVCameraOverlayView.h; sourceTree = "<group>"; };
		AC556AE013F80B0D00DBDA69 /* ARTVCameraOverlayView.m */ = {isa = PBXFileReference; fileEncoding = 4; lastKnownFileType = sourcecode.c.objc; path = ARTVCameraOverlayView.m; sourceTree = "<group>"; };
		AC556AF013F82E6800DBDA69 /* UITabBarItemBackground.png */ = {isa = PBXFileReference; lastKnownFileType = image.png; path = UITabBarItemBackground.png; sourceTree = "<group>"; };
		AC556AF113F82E6800DBDA69 /* UITabBarItemBackgroundSelected.png */ = {isa = PBXFileReference; lastKnownFileType = image.png; path = UITabBarItemBackgroundSelected.png; sourceTree = "<group>"; };
		AC556AF813F82F5A00DBDA69 /* ARTVChannelButton.h */ = {isa = PBXFileReference; fileEncoding = 4; lastKnownFileType = sourcecode.c.h; path = ARTVChannelButton.h; sourceTree = "<group>"; };
		AC556AF913F82F5A00DBDA69 /* ARTVChannelButton.m */ = {isa = PBXFileReference; fileEncoding = 4; lastKnownFileType = sourcecode.c.objc; path = ARTVChannelButton.m; sourceTree = "<group>"; };
		AC556AFF13F82F9C00DBDA69 /* CDataScanner.h */ = {isa = PBXFileReference; fileEncoding = 4; lastKnownFileType = sourcecode.c.h; path = CDataScanner.h; sourceTree = "<group>"; };
		AC556B0013F82F9C00DBDA69 /* CDataScanner.m */ = {isa = PBXFileReference; fileEncoding = 4; lastKnownFileType = sourcecode.c.objc; path = CDataScanner.m; sourceTree = "<group>"; };
		AC556B0213F82F9C00DBDA69 /* CFilteringJSONSerializer.h */ = {isa = PBXFileReference; fileEncoding = 4; lastKnownFileType = sourcecode.c.h; path = CFilteringJSONSerializer.h; sourceTree = "<group>"; };
		AC556B0313F82F9C00DBDA69 /* CFilteringJSONSerializer.m */ = {isa = PBXFileReference; fileEncoding = 4; lastKnownFileType = sourcecode.c.objc; path = CFilteringJSONSerializer.m; sourceTree = "<group>"; };
		AC556B0413F82F9C00DBDA69 /* CJSONDeserializer_BlocksExtensions.h */ = {isa = PBXFileReference; fileEncoding = 4; lastKnownFileType = sourcecode.c.h; path = CJSONDeserializer_BlocksExtensions.h; sourceTree = "<group>"; };
		AC556B0513F82F9C00DBDA69 /* CJSONDeserializer_BlocksExtensions.m */ = {isa = PBXFileReference; fileEncoding = 4; lastKnownFileType = sourcecode.c.objc; path = CJSONDeserializer_BlocksExtensions.m; sourceTree = "<group>"; };
		AC556B0613F82F9C00DBDA69 /* CJSONSerialization.h */ = {isa = PBXFileReference; fileEncoding = 4; lastKnownFileType = sourcecode.c.h; path = CJSONSerialization.h; sourceTree = "<group>"; };
		AC556B0713F82F9C00DBDA69 /* CJSONSerialization.m */ = {isa = PBXFileReference; fileEncoding = 4; lastKnownFileType = sourcecode.c.objc; path = CJSONSerialization.m; sourceTree = "<group>"; };
		AC556B0813F82F9C00DBDA69 /* CJSONSerializedData.h */ = {isa = PBXFileReference; fileEncoding = 4; lastKnownFileType = sourcecode.c.h; path = CJSONSerializedData.h; sourceTree = "<group>"; };
		AC556B0913F82F9C00DBDA69 /* CJSONSerializedData.m */ = {isa = PBXFileReference; fileEncoding = 4; lastKnownFileType = sourcecode.c.objc; path = CJSONSerializedData.m; sourceTree = "<group>"; };
		AC556B0B13F82F9C00DBDA69 /* CDataScanner_Extensions.h */ = {isa = PBXFileReference; fileEncoding = 4; lastKnownFileType = sourcecode.c.h; path = CDataScanner_Extensions.h; sourceTree = "<group>"; };
		AC556B0C13F82F9C00DBDA69 /* CDataScanner_Extensions.m */ = {isa = PBXFileReference; fileEncoding = 4; lastKnownFileType = sourcecode.c.objc; path = CDataScanner_Extensions.m; sourceTree = "<group>"; };
		AC556B0D13F82F9C00DBDA69 /* NSDictionary_JSONExtensions.h */ = {isa = PBXFileReference; fileEncoding = 4; lastKnownFileType = sourcecode.c.h; path = NSDictionary_JSONExtensions.h; sourceTree = "<group>"; };
		AC556B0E13F82F9C00DBDA69 /* NSDictionary_JSONExtensions.m */ = {isa = PBXFileReference; fileEncoding = 4; lastKnownFileType = sourcecode.c.objc; path = NSDictionary_JSONExtensions.m; sourceTree = "<group>"; };
		AC556B1013F82F9C00DBDA69 /* CJSONDeserializer.h */ = {isa = PBXFileReference; fileEncoding = 4; lastKnownFileType = sourcecode.c.h; path = CJSONDeserializer.h; sourceTree = "<group>"; };
		AC556B1113F82F9C00DBDA69 /* CJSONDeserializer.m */ = {isa = PBXFileReference; fileEncoding = 4; lastKnownFileType = sourcecode.c.objc; path = CJSONDeserializer.m; sourceTree = "<group>"; };
		AC556B1213F82F9C00DBDA69 /* CJSONScanner.h */ = {isa = PBXFileReference; fileEncoding = 4; lastKnownFileType = sourcecode.c.h; path = CJSONScanner.h; sourceTree = "<group>"; };
		AC556B1313F82F9C00DBDA69 /* CJSONScanner.m */ = {isa = PBXFileReference; fileEncoding = 4; lastKnownFileType = sourcecode.c.objc; path = CJSONScanner.m; sourceTree = "<group>"; };
		AC556B1413F82F9C00DBDA69 /* CJSONSerializer.h */ = {isa = PBXFileReference; fileEncoding = 4; lastKnownFileType = sourcecode.c.h; path = CJSONSerializer.h; sourceTree = "<group>"; };
		AC556B1513F82F9C00DBDA69 /* CJSONSerializer.m */ = {isa = PBXFileReference; fileEncoding = 4; lastKnownFileType = sourcecode.c.objc; path = CJSONSerializer.m; sourceTree = "<group>"; };
		AC556B1613F82F9C00DBDA69 /* JSONRepresentation.h */ = {isa = PBXFileReference; fileEncoding = 4; lastKnownFileType = sourcecode.c.h; path = JSONRepresentation.h; sourceTree = "<group>"; };
		AC556B2213F8303A00DBDA69 /* ARTVChannel.h */ = {isa = PBXFileReference; fileEncoding = 4; lastKnownFileType = sourcecode.c.h; path = ARTVChannel.h; sourceTree = "<group>"; };
		AC556B2313F8303A00DBDA69 /* ARTVChannel.m */ = {isa = PBXFileReference; fileEncoding = 4; lastKnownFileType = sourcecode.c.objc; path = ARTVChannel.m; sourceTree = "<group>"; };
		AC556B2413F8303A00DBDA69 /* ARTVChannels.h */ = {isa = PBXFileReference; fileEncoding = 4; lastKnownFileType = sourcecode.c.h; path = ARTVChannels.h; sourceTree = "<group>"; };
		AC556B2513F8303A00DBDA69 /* ARTVChannels.m */ = {isa = PBXFileReference; fileEncoding = 4; lastKnownFileType = sourcecode.c.objc; path = ARTVChannels.m; sourceTree = "<group>"; };
		AC556B2913F8304A00DBDA69 /* Status.h */ = {isa = PBXFileReference; fileEncoding = 4; lastKnownFileType = sourcecode.c.h; path = Status.h; sourceTree = "<group>"; };
		AC556B2A13F8304A00DBDA69 /* Status.m */ = {isa = PBXFileReference; fileEncoding = 4; lastKnownFileType = sourcecode.c.objc; path = Status.m; sourceTree = "<group>"; };
		AC556B2B13F8304A00DBDA69 /* StatusSearchResult.h */ = {isa = PBXFileReference; fileEncoding = 4; lastKnownFileType = sourcecode.c.h; path = StatusSearchResult.h; sourceTree = "<group>"; };
		AC556B2C13F8304A00DBDA69 /* StatusSearchResult.m */ = {isa = PBXFileReference; fileEncoding = 4; lastKnownFileType = sourcecode.c.objc; path = StatusSearchResult.m; sourceTree = "<group>"; };
		AC556B2D13F8304A00DBDA69 /* Twitter.h */ = {isa = PBXFileReference; fileEncoding = 4; lastKnownFileType = sourcecode.c.h; path = Twitter.h; sourceTree = "<group>"; };
		AC556B2E13F8304A00DBDA69 /* Twitter.m */ = {isa = PBXFileReference; fileEncoding = 4; lastKnownFileType = sourcecode.c.objc; path = Twitter.m; sourceTree = "<group>"; };
		AC556B3213F8307900DBDA69 /* DescriptionBuilder.h */ = {isa = PBXFileReference; fileEncoding = 4; lastKnownFileType = sourcecode.c.h; path = DescriptionBuilder.h; sourceTree = "<group>"; };
		AC556B3313F8307900DBDA69 /* DescriptionBuilder.m */ = {isa = PBXFileReference; fileEncoding = 4; lastKnownFileType = sourcecode.c.objc; path = DescriptionBuilder.m; sourceTree = "<group>"; };
		AC73EEEC1476B41E00D8BC4C /* UITabBarItemBackground_1@2x.png */ = {isa = PBXFileReference; lastKnownFileType = image.png; path = "UITabBarItemBackground_1@2x.png"; sourceTree = "<group>"; };
		AC73EEED1476B41E00D8BC4C /* UITabBarItemBackground_2@2x.png */ = {isa = PBXFileReference; lastKnownFileType = image.png; path = "UITabBarItemBackground_2@2x.png"; sourceTree = "<group>"; };
		AC73EEEE1476B41E00D8BC4C /* UITabBarItemBackground_4@2x.png */ = {isa = PBXFileReference; lastKnownFileType = image.png; path = "UITabBarItemBackground_4@2x.png"; sourceTree = "<group>"; };
		AC73EEEF1476B41E00D8BC4C /* UITabBarItemBackground_3@2x.png */ = {isa = PBXFileReference; lastKnownFileType = image.png; path = "UITabBarItemBackground_3@2x.png"; sourceTree = "<group>"; };
		AC73EEF01476B41E00D8BC4C /* UITabBarItemBackground_5@2x.png */ = {isa = PBXFileReference; lastKnownFileType = image.png; path = "UITabBarItemBackground_5@2x.png"; sourceTree = "<group>"; };
		AC73EEF11476B41E00D8BC4C /* UITabBarItemBackgroundSelected_1@2x.png */ = {isa = PBXFileReference; lastKnownFileType = image.png; path = "UITabBarItemBackgroundSelected_1@2x.png"; sourceTree = "<group>"; };
		AC73EEF21476B41E00D8BC4C /* UITabBarItemBackgroundSelected_2@2x.png */ = {isa = PBXFileReference; lastKnownFileType = image.png; path = "UITabBarItemBackgroundSelected_2@2x.png"; sourceTree = "<group>"; };
		AC73EEF31476B41E00D8BC4C /* UITabBarItemBackgroundSelected_4@2x.png */ = {isa = PBXFileReference; lastKnownFileType = image.png; path = "UITabBarItemBackgroundSelected_4@2x.png"; sourceTree = "<group>"; };
		AC73EEF41476B41E00D8BC4C /* UITabBarItemBackgroundSelected_3@2x.png */ = {isa = PBXFileReference; lastKnownFileType = image.png; path = "UITabBarItemBackgroundSelected_3@2x.png"; sourceTree = "<group>"; };
		AC73EEF51476B41E00D8BC4C /* UITabBarItemBackgroundSelected_5@2x.png */ = {isa = PBXFileReference; lastKnownFileType = image.png; path = "UITabBarItemBackgroundSelected_5@2x.png"; sourceTree = "<group>"; };
		AC73EF011476B43200D8BC4C /* UITabBarItemBackgroundSelected@2x.png */ = {isa = PBXFileReference; lastKnownFileType = image.png; path = "UITabBarItemBackgroundSelected@2x.png"; sourceTree = "<group>"; };
		AC73EF021476B43200D8BC4C /* UITabBarItemBackground@2x.png */ = {isa = PBXFileReference; lastKnownFileType = image.png; path = "UITabBarItemBackground@2x.png"; sourceTree = "<group>"; };
		AC73EF051476B45100D8BC4C /* UITabBarItemBackground_1.jpg */ = {isa = PBXFileReference; lastKnownFileType = image.jpeg; path = UITabBarItemBackground_1.jpg; sourceTree = "<group>"; };
		AC73EF061476B45100D8BC4C /* UITabBarItemBackground_2.jpg */ = {isa = PBXFileReference; lastKnownFileType = image.jpeg; path = UITabBarItemBackground_2.jpg; sourceTree = "<group>"; };
		AC73EF071476B45100D8BC4C /* UITabBarItemBackground_3.jpg */ = {isa = PBXFileReference; lastKnownFileType = image.jpeg; path = UITabBarItemBackground_3.jpg; sourceTree = "<group>"; };
		AC73EF081476B45100D8BC4C /* UITabBarItemBackground_4.jpg */ = {isa = PBXFileReference; lastKnownFileType = image.jpeg; path = UITabBarItemBackground_4.jpg; sourceTree = "<group>"; };
		AC73EF091476B45100D8BC4C /* UITabBarItemBackground_5.jpg */ = {isa = PBXFileReference; lastKnownFileType = image.jpeg; path = UITabBarItemBackground_5.jpg; sourceTree = "<group>"; };
		AC73EF0A1476B45100D8BC4C /* UITabBarItemBackgroundSelected_1.jpg */ = {isa = PBXFileReference; lastKnownFileType = image.jpeg; path = UITabBarItemBackgroundSelected_1.jpg; sourceTree = "<group>"; };
		AC73EF0B1476B45100D8BC4C /* UITabBarItemBackgroundSelected_2.jpg */ = {isa = PBXFileReference; lastKnownFileType = image.jpeg; path = UITabBarItemBackgroundSelected_2.jpg; sourceTree = "<group>"; };
		AC73EF0C1476B45100D8BC4C /* UITabBarItemBackgroundSelected_3.jpg */ = {isa = PBXFileReference; lastKnownFileType = image.jpeg; path = UITabBarItemBackgroundSelected_3.jpg; sourceTree = "<group>"; };
		AC73EF0D1476B45100D8BC4C /* UITabBarItemBackgroundSelected_4.jpg */ = {isa = PBXFileReference; lastKnownFileType = image.jpeg; path = UITabBarItemBackgroundSelected_4.jpg; sourceTree = "<group>"; };
		AC73EF0E1476B45100D8BC4C /* UITabBarItemBackgroundSelected_5.jpg */ = {isa = PBXFileReference; lastKnownFileType = image.jpeg; path = UITabBarItemBackgroundSelected_5.jpg; sourceTree = "<group>"; };
		ACC2BC731402AD5000F9C75F /* ARTVImagePickerController.h */ = {isa = PBXFileReference; fileEncoding = 4; lastKnownFileType = sourcecode.c.h; path = ARTVImagePickerController.h; sourceTree = "<group>"; };
		ACC2BC741402AD5000F9C75F /* ARTVImagePickerController.m */ = {isa = PBXFileReference; fileEncoding = 4; lastKnownFileType = sourcecode.c.objc; path = ARTVImagePickerController.m; sourceTree = "<group>"; };
		ACDFC1D315369407004D4B24 /* Twitter.framework */ = {isa = PBXFileReference; lastKnownFileType = wrapper.framework; name = Twitter.framework; path = System/Library/Frameworks/Twitter.framework; sourceTree = SDKROOT; };
		ACDFC1D7153695A1004D4B24 /* Localizable.strings */ = {isa = PBXFileReference; fileEncoding = 4; lastKnownFileType = text.plist.strings; path = Localizable.strings; sourceTree = "<group>"; };
		ACF4A88C140A9EE60081E958 /* Icon@2x.png */ = {isa = PBXFileReference; lastKnownFileType = image.png; name = "Icon@2x.png"; path = "../Icon@2x.png"; sourceTree = "<group>"; };
		ACF4A88E140A9EE90081E958 /* Icon.png */ = {isa = PBXFileReference; lastKnownFileType = image.png; name = Icon.png; path = ../Icon.png; sourceTree = "<group>"; };
/* End PBXFileReference section */

/* Begin PBXFrameworksBuildPhase section */
		AC556AB213F8093A00DBDA69 /* Frameworks */ = {
			isa = PBXFrameworksBuildPhase;
			buildActionMask = 2147483647;
			files = (
				ACDFC1D615369418004D4B24 /* Twitter.framework in Frameworks */,
				AC556ABA13F8093A00DBDA69 /* UIKit.framework in Frameworks */,
				AC556ABC13F8093A00DBDA69 /* Foundation.framework in Frameworks */,
				AC556ABE13F8093A00DBDA69 /* CoreGraphics.framework in Frameworks */,
			);
			runOnlyForDeploymentPostprocessing = 0;
		};
/* End PBXFrameworksBuildPhase section */

/* Begin PBXGroup section */
		AC0CFD2114245C94000F858F /* TweetSend */ = {
			isa = PBXGroup;
			children = (
				AC0CFD2314245CB4000F858F /* ARTVTweetSendView.h */,
				AC0CFD2414245CB4000F858F /* ARTVTweetSendView.m */,
			);
			name = TweetSend;
			sourceTree = "<group>";
		};
		AC556AAA13F8093A00DBDA69 = {
			isa = PBXGroup;
			children = (
				AC556ABF13F8093A00DBDA69 /* ARTV */,
				AC556AB813F8093A00DBDA69 /* Frameworks */,
				AC556AB613F8093A00DBDA69 /* Products */,
			);
			sourceTree = "<group>";
		};
		AC556AB613F8093A00DBDA69 /* Products */ = {
			isa = PBXGroup;
			children = (
				AC556AB513F8093A00DBDA69 /* ARTV.app */,
			);
			name = Products;
			sourceTree = "<group>";
		};
		AC556AB813F8093A00DBDA69 /* Frameworks */ = {
			isa = PBXGroup;
			children = (
				ACDFC1D315369407004D4B24 /* Twitter.framework */,
				AC556AB913F8093A00DBDA69 /* UIKit.framework */,
				AC556ABB13F8093A00DBDA69 /* Foundation.framework */,
				AC556ABD13F8093A00DBDA69 /* CoreGraphics.framework */,
			);
			name = Frameworks;
			sourceTree = "<group>";
		};
		AC556ABF13F8093A00DBDA69 /* ARTV */ = {
			isa = PBXGroup;
			children = (
				AC556AFD13F82F9C00DBDA69 /* Lib */,
				AC556B2113F8303A00DBDA69 /* Datasource */,
				AC0CFD2114245C94000F858F /* TweetSend */,
				AC556AFC13F82F6C00DBDA69 /* TweetStream */,
				AC556AFB13F82F6100DBDA69 /* ChannelSelect */,
				AC556ADF13F80B0D00DBDA69 /* ARTVCameraOverlayView.h */,
				AC556AE013F80B0D00DBDA69 /* ARTVCameraOverlayView.m */,
				ACC2BC731402AD5000F9C75F /* ARTVImagePickerController.h */,
				ACC2BC741402AD5000F9C75F /* ARTVImagePickerController.m */,
				AC556AC813F8093A00DBDA69 /* ARTVAppDelegate.h */,
				AC556AC913F8093A00DBDA69 /* ARTVAppDelegate.m */,
				AC556ACB13F8093A00DBDA69 /* MainWindow.xib */,
				AC556ACE13F8093A00DBDA69 /* ARTVViewController.h */,
				AC556ACF13F8093A00DBDA69 /* ARTVViewController.m */,
				AC556AD113F8093A00DBDA69 /* ARTVViewController.xib */,
				AC556AC013F8093A00DBDA69 /* Supporting Files */,
			);
			path = ARTV;
			sourceTree = "<group>";
		};
		AC556AC013F8093A00DBDA69 /* Supporting Files */ = {
			isa = PBXGroup;
			children = (
				ACDFC1D7153695A1004D4B24 /* Localizable.strings */,
				ACF4A88E140A9EE90081E958 /* Icon.png */,
				ACF4A88C140A9EE60081E958 /* Icon@2x.png */,
				AC556AEF13F82E6800DBDA69 /* images */,
				AC556AC113F8093A00DBDA69 /* ARTV-Info.plist */,
				AC556AC213F8093A00DBDA69 /* InfoPlist.strings */,
				AC556AC513F8093A00DBDA69 /* main.m */,
				AC556AC713F8093A00DBDA69 /* ARTV-Prefix.pch */,
			);
			name = "Supporting Files";
			sourceTree = "<group>";
		};
		AC556AEF13F82E6800DBDA69 /* images */ = {
			isa = PBXGroup;
			children = (
				AC73EEEC1476B41E00D8BC4C /* UITabBarItemBackground_1@2x.png */,
				AC73EEED1476B41E00D8BC4C /* UITabBarItemBackground_2@2x.png */,
				AC73EEEE1476B41E00D8BC4C /* UITabBarItemBackground_4@2x.png */,
				AC73EEEF1476B41E00D8BC4C /* UITabBarItemBackground_3@2x.png */,
				AC73EEF01476B41E00D8BC4C /* UITabBarItemBackground_5@2x.png */,
				AC73EEF11476B41E00D8BC4C /* UITabBarItemBackgroundSelected_1@2x.png */,
				AC73EEF21476B41E00D8BC4C /* UITabBarItemBackgroundSelected_2@2x.png */,
				AC73EEF31476B41E00D8BC4C /* UITabBarItemBackgroundSelected_4@2x.png */,
				AC73EEF41476B41E00D8BC4C /* UITabBarItemBackgroundSelected_3@2x.png */,
				AC73EEF51476B41E00D8BC4C /* UITabBarItemBackgroundSelected_5@2x.png */,
				AC73EF051476B45100D8BC4C /* UITabBarItemBackground_1.jpg */,
				AC73EF061476B45100D8BC4C /* UITabBarItemBackground_2.jpg */,
				AC73EF071476B45100D8BC4C /* UITabBarItemBackground_3.jpg */,
				AC73EF081476B45100D8BC4C /* UITabBarItemBackground_4.jpg */,
				AC73EF091476B45100D8BC4C /* UITabBarItemBackground_5.jpg */,
				AC73EF0A1476B45100D8BC4C /* UITabBarItemBackgroundSelected_1.jpg */,
				AC73EF0B1476B45100D8BC4C /* UITabBarItemBackgroundSelected_2.jpg */,
				AC73EF0C1476B45100D8BC4C /* UITabBarItemBackgroundSelected_3.jpg */,
				AC73EF0D1476B45100D8BC4C /* UITabBarItemBackgroundSelected_4.jpg */,
				AC73EF0E1476B45100D8BC4C /* UITabBarItemBackgroundSelected_5.jpg */,
				AC73EF011476B43200D8BC4C /* UITabBarItemBackgroundSelected@2x.png */,
				AC73EF021476B43200D8BC4C /* UITabBarItemBackground@2x.png */,
				AC556AF013F82E6800DBDA69 /* UITabBarItemBackground.png */,
				AC556AF113F82E6800DBDA69 /* UITabBarItemBackgroundSelected.png */,
			);
			path = images;
			sourceTree = "<group>";
		};
		AC556AFB13F82F6100DBDA69 /* ChannelSelect */ = {
			isa = PBXGroup;
			children = (
				AC556AD913F80A8B00DBDA69 /* ARTVChannelSelectView.h */,
				AC556ADA13F80A8B00DBDA69 /* ARTVChannelSelectView.m */,
				AC556AF813F82F5A00DBDA69 /* ARTVChannelButton.h */,
				AC556AF913F82F5A00DBDA69 /* ARTVChannelButton.m */,
			);
			name = ChannelSelect;
			sourceTree = "<group>";
		};
		AC556AFC13F82F6C00DBDA69 /* TweetStream */ = {
			isa = PBXGroup;
			children = (
				AC556ADC13F80AED00DBDA69 /* ARTVTweetStreamView.h */,
				AC556ADD13F80AED00DBDA69 /* ARTVTweetStreamView.m */,
			);
			name = TweetStream;
			sourceTree = "<group>";
		};
		AC556AFD13F82F9C00DBDA69 /* Lib */ = {
			isa = PBXGroup;
			children = (
				AC556B3213F8307900DBDA69 /* DescriptionBuilder.h */,
				AC556B3313F8307900DBDA69 /* DescriptionBuilder.m */,
				AC556AFE13F82F9C00DBDA69 /* TouchJSON */,
			);
			path = Lib;
			sourceTree = "<group>";
		};
		AC556AFE13F82F9C00DBDA69 /* TouchJSON */ = {
			isa = PBXGroup;
			children = (
				AC556AFF13F82F9C00DBDA69 /* CDataScanner.h */,
				AC556B0013F82F9C00DBDA69 /* CDataScanner.m */,
				AC556B0113F82F9C00DBDA69 /* Experimental */,
				AC556B0A13F82F9C00DBDA69 /* Extensions */,
				AC556B0F13F82F9C00DBDA69 /* JSON */,
			);
			path = TouchJSON;
			sourceTree = "<group>";
		};
		AC556B0113F82F9C00DBDA69 /* Experimental */ = {
			isa = PBXGroup;
			children = (
				AC556B0213F82F9C00DBDA69 /* CFilteringJSONSerializer.h */,
				AC556B0313F82F9C00DBDA69 /* CFilteringJSONSerializer.m */,
				AC556B0413F82F9C00DBDA69 /* CJSONDeserializer_BlocksExtensions.h */,
				AC556B0513F82F9C00DBDA69 /* CJSONDeserializer_BlocksExtensions.m */,
				AC556B0613F82F9C00DBDA69 /* CJSONSerialization.h */,
				AC556B0713F82F9C00DBDA69 /* CJSONSerialization.m */,
				AC556B0813F82F9C00DBDA69 /* CJSONSerializedData.h */,
				AC556B0913F82F9C00DBDA69 /* CJSONSerializedData.m */,
			);
			path = Experimental;
			sourceTree = "<group>";
		};
		AC556B0A13F82F9C00DBDA69 /* Extensions */ = {
			isa = PBXGroup;
			children = (
				AC556B0B13F82F9C00DBDA69 /* CDataScanner_Extensions.h */,
				AC556B0C13F82F9C00DBDA69 /* CDataScanner_Extensions.m */,
				AC556B0D13F82F9C00DBDA69 /* NSDictionary_JSONExtensions.h */,
				AC556B0E13F82F9C00DBDA69 /* NSDictionary_JSONExtensions.m */,
			);
			path = Extensions;
			sourceTree = "<group>";
		};
		AC556B0F13F82F9C00DBDA69 /* JSON */ = {
			isa = PBXGroup;
			children = (
				AC556B1013F82F9C00DBDA69 /* CJSONDeserializer.h */,
				AC556B1113F82F9C00DBDA69 /* CJSONDeserializer.m */,
				AC556B1213F82F9C00DBDA69 /* CJSONScanner.h */,
				AC556B1313F82F9C00DBDA69 /* CJSONScanner.m */,
				AC556B1413F82F9C00DBDA69 /* CJSONSerializer.h */,
				AC556B1513F82F9C00DBDA69 /* CJSONSerializer.m */,
				AC556B1613F82F9C00DBDA69 /* JSONRepresentation.h */,
			);
			path = JSON;
			sourceTree = "<group>";
		};
		AC556B2113F8303A00DBDA69 /* Datasource */ = {
			isa = PBXGroup;
			children = (
				AC556B2813F8304A00DBDA69 /* Twitter */,
				AC556B2213F8303A00DBDA69 /* ARTVChannel.h */,
				AC556B2313F8303A00DBDA69 /* ARTVChannel.m */,
				AC556B2413F8303A00DBDA69 /* ARTVChannels.h */,
				AC556B2513F8303A00DBDA69 /* ARTVChannels.m */,
			);
			path = Datasource;
			sourceTree = "<group>";
		};
		AC556B2813F8304A00DBDA69 /* Twitter */ = {
			isa = PBXGroup;
			children = (
				AC556B2913F8304A00DBDA69 /* Status.h */,
				AC556B2A13F8304A00DBDA69 /* Status.m */,
				AC556B2B13F8304A00DBDA69 /* StatusSearchResult.h */,
				AC556B2C13F8304A00DBDA69 /* StatusSearchResult.m */,
				AC556B2D13F8304A00DBDA69 /* Twitter.h */,
				AC556B2E13F8304A00DBDA69 /* Twitter.m */,
			);
			path = Twitter;
			sourceTree = "<group>";
		};
/* End PBXGroup section */

/* Begin PBXNativeTarget section */
		AC556AB413F8093A00DBDA69 /* ARTV */ = {
			isa = PBXNativeTarget;
			buildConfigurationList = AC556AD613F8093A00DBDA69 /* Build configuration list for PBXNativeTarget "ARTV" */;
			buildPhases = (
				AC556AB113F8093A00DBDA69 /* Sources */,
				AC556AB213F8093A00DBDA69 /* Frameworks */,
				AC556AB313F8093A00DBDA69 /* Resources */,
			);
			buildRules = (
			);
			dependencies = (
			);
			name = ARTV;
			productName = ARTV;
			productReference = AC556AB513F8093A00DBDA69 /* ARTV.app */;
			productType = "com.apple.product-type.application";
		};
/* End PBXNativeTarget section */

/* Begin PBXProject section */
		AC556AAC13F8093A00DBDA69 /* Project object */ = {
			isa = PBXProject;
			attributes = {
				LastUpgradeCheck = 0430;
			};
			buildConfigurationList = AC556AAF13F8093A00DBDA69 /* Build configuration list for PBXProject "ARTV" */;
			compatibilityVersion = "Xcode 3.2";
			developmentRegion = English;
			hasScannedForEncodings = 0;
			knownRegions = (
				en,
			);
			mainGroup = AC556AAA13F8093A00DBDA69;
			productRefGroup = AC556AB613F8093A00DBDA69 /* Products */;
			projectDirPath = "";
			projectRoot = "";
			targets = (
				AC556AB413F8093A00DBDA69 /* ARTV */,
			);
		};
/* End PBXProject section */

/* Begin PBXResourcesBuildPhase section */
		AC556AB313F8093A00DBDA69 /* Resources */ = {
			isa = PBXResourcesBuildPhase;
			buildActionMask = 2147483647;
			files = (
				AC556AC413F8093A00DBDA69 /* InfoPlist.strings in Resources */,
				AC556ACD13F8093A00DBDA69 /* MainWindow.xib in Resources */,
				AC556AD313F8093A00DBDA69 /* ARTVViewController.xib in Resources */,
				AC556AF213F82E6800DBDA69 /* UITabBarItemBackground.png in Resources */,
				AC556AF313F82E6800DBDA69 /* UITabBarItemBackgroundSelected.png in Resources */,
				ACF4A88D140A9EE60081E958 /* Icon@2x.png in Resources */,
				ACF4A88F140A9EE90081E958 /* Icon.png in Resources */,
				AC73EEF61476B41E00D8BC4C /* UITabBarItemBackground_1@2x.png in Resources */,
				AC73EEF71476B41E00D8BC4C /* UITabBarItemBackground_2@2x.png in Resources */,
				AC73EEF81476B41E00D8BC4C /* UITabBarItemBackground_4@2x.png in Resources */,
				AC73EEF91476B41E00D8BC4C /* UITabBarItemBackground_3@2x.png in Resources */,
				AC73EEFA1476B41E00D8BC4C /* UITabBarItemBackground_5@2x.png in Resources */,
				AC73EEFB1476B41E00D8BC4C /* UITabBarItemBackgroundSelected_1@2x.png in Resources */,
				AC73EEFC1476B41E00D8BC4C /* UITabBarItemBackgroundSelected_2@2x.png in Resources */,
				AC73EEFD1476B41E00D8BC4C /* UITabBarItemBackgroundSelected_4@2x.png in Resources */,
				AC73EEFE1476B41E00D8BC4C /* UITabBarItemBackgroundSelected_3@2x.png in Resources */,
				AC73EEFF1476B41E00D8BC4C /* UITabBarItemBackgroundSelected_5@2x.png in Resources */,
				AC73EF031476B43200D8BC4C /* UITabBarItemBackgroundSelected@2x.png in Resources */,
				AC73EF041476B43200D8BC4C /* UITabBarItemBackground@2x.png in Resources */,
				AC73EF0F1476B45100D8BC4C /* UITabBarItemBackground_1.jpg in Resources */,
				AC73EF101476B45100D8BC4C /* UITabBarItemBackground_2.jpg in Resources */,
				AC73EF111476B45100D8BC4C /* UITabBarItemBackground_3.jpg in Resources */,
				AC73EF121476B45100D8BC4C /* UITabBarItemBackground_4.jpg in Resources */,
				AC73EF131476B45100D8BC4C /* UITabBarItemBackground_5.jpg in Resources */,
				AC73EF141476B45100D8BC4C /* UITabBarItemBackgroundSelected_1.jpg in Resources */,
				AC73EF151476B45100D8BC4C /* UITabBarItemBackgroundSelected_2.jpg in Resources */,
				AC73EF161476B45100D8BC4C /* UITabBarItemBackgroundSelected_3.jpg in Resources */,
				AC73EF171476B45100D8BC4C /* UITabBarItemBackgroundSelected_4.jpg in Resources */,
				AC73EF181476B45100D8BC4C /* UITabBarItemBackgroundSelected_5.jpg in Resources */,
				ACDFC1D8153695A1004D4B24 /* Localizable.strings in Resources */,
			);
			runOnlyForDeploymentPostprocessing = 0;
		};
/* End PBXResourcesBuildPhase section */

/* Begin PBXSourcesBuildPhase section */
		AC556AB113F8093A00DBDA69 /* Sources */ = {
			isa = PBXSourcesBuildPhase;
			buildActionMask = 2147483647;
			files = (
				AC556AC613F8093A00DBDA69 /* main.m in Sources */,
				AC556ACA13F8093A00DBDA69 /* ARTVAppDelegate.m in Sources */,
				AC556AD013F8093A00DBDA69 /* ARTVViewController.m in Sources */,
				AC556ADB13F80A8B00DBDA69 /* ARTVChannelSelectView.m in Sources */,
				AC556ADE13F80AED00DBDA69 /* ARTVTweetStreamView.m in Sources */,
				AC556AE113F80B0D00DBDA69 /* ARTVCameraOverlayView.m in Sources */,
				AC556AFA13F82F5A00DBDA69 /* ARTVChannelButton.m in Sources */,
				AC556B1713F82F9C00DBDA69 /* CDataScanner.m in Sources */,
				AC556B1813F82F9D00DBDA69 /* CFilteringJSONSerializer.m in Sources */,
				AC556B1913F82F9D00DBDA69 /* CJSONDeserializer_BlocksExtensions.m in Sources */,
				AC556B1A13F82F9D00DBDA69 /* CJSONSerialization.m in Sources */,
				AC556B1B13F82F9D00DBDA69 /* CJSONSerializedData.m in Sources */,
				AC556B1C13F82F9D00DBDA69 /* CDataScanner_Extensions.m in Sources */,
				AC556B1D13F82F9D00DBDA69 /* NSDictionary_JSONExtensions.m in Sources */,
				AC556B1E13F82F9D00DBDA69 /* CJSONDeserializer.m in Sources */,
				AC556B1F13F82F9D00DBDA69 /* CJSONScanner.m in Sources */,
				AC556B2013F82F9D00DBDA69 /* CJSONSerializer.m in Sources */,
				AC556B2613F8303A00DBDA69 /* ARTVChannel.m in Sources */,
				AC556B2713F8303A00DBDA69 /* ARTVChannels.m in Sources */,
				AC556B2F13F8304A00DBDA69 /* Status.m in Sources */,
				AC556B3013F8304A00DBDA69 /* StatusSearchResult.m in Sources */,
				AC556B3113F8304A00DBDA69 /* Twitter.m in Sources */,
				AC556B3413F8307900DBDA69 /* DescriptionBuilder.m in Sources */,
				ACC2BC751402AD5000F9C75F /* ARTVImagePickerController.m in Sources */,
				AC0CFD2514245CB4000F858F /* ARTVTweetSendView.m in Sources */,
			);
			runOnlyForDeploymentPostprocessing = 0;
		};
/* End PBXSourcesBuildPhase section */

/* Begin PBXVariantGroup section */
		AC556AC213F8093A00DBDA69 /* InfoPlist.strings */ = {
			isa = PBXVariantGroup;
			children = (
				AC556AC313F8093A00DBDA69 /* en */,
			);
			name = InfoPlist.strings;
			sourceTree = "<group>";
		};
		AC556ACB13F8093A00DBDA69 /* MainWindow.xib */ = {
			isa = PBXVariantGroup;
			children = (
				AC556ACC13F8093A00DBDA69 /* en */,
			);
			name = MainWindow.xib;
			sourceTree = "<group>";
		};
		AC556AD113F8093A00DBDA69 /* ARTVViewController.xib */ = {
			isa = PBXVariantGroup;
			children = (
				AC556AD213F8093A00DBDA69 /* en */,
			);
			name = ARTVViewController.xib;
			sourceTree = "<group>";
		};
/* End PBXVariantGroup section */

/* Begin XCBuildConfiguration section */
		AC556AD413F8093A00DBDA69 /* Debug */ = {
			isa = XCBuildConfiguration;
			buildSettings = {
				ALWAYS_SEARCH_USER_PATHS = NO;
				ARCHS = (
					armv6,
					"$(ARCHS_STANDARD_32_BIT)",
				);
				"CODE_SIGN_IDENTITY[sdk=iphoneos*]" = "iPhone Developer: Koichiro Sumi (RES77H44D4)";
				COPY_PHASE_STRIP = NO;
				GCC_C_LANGUAGE_STANDARD = gnu99;
				GCC_DYNAMIC_NO_PIC = NO;
				GCC_OPTIMIZATION_LEVEL = 0;
				GCC_PREPROCESSOR_DEFINITIONS = (
					"DEBUG=1",
					"$(inherited)",
				);
				GCC_SYMBOLS_PRIVATE_EXTERN = NO;
				GCC_THUMB_SUPPORT = NO;
				GCC_VERSION = com.apple.compilers.llvmgcc42;
				GCC_WARN_ABOUT_MISSING_PROTOTYPES = YES;
				GCC_WARN_ABOUT_RETURN_TYPE = YES;
				GCC_WARN_UNUSED_VARIABLE = YES;
				IPHONEOS_DEPLOYMENT_TARGET = 4.0;
				"PROVISIONING_PROFILE[sdk=iphoneos*]" = "1AA0C6EC-913D-490D-BC20-B69505F5CB5C";
				SDKROOT = iphoneos;
			};
			name = Debug;
		};
		AC556AD513F8093A00DBDA69 /* Release */ = {
			isa = XCBuildConfiguration;
			buildSettings = {
				ALWAYS_SEARCH_USER_PATHS = NO;
				ARCHS = (
					armv6,
					"$(ARCHS_STANDARD_32_BIT)",
				);
				"CODE_SIGN_IDENTITY[sdk=iphoneos*]" = "iPhone Distribution: Koichiro Sumi";
				COPY_PHASE_STRIP = YES;
				GCC_C_LANGUAGE_STANDARD = gnu99;
				GCC_THUMB_SUPPORT = NO;
				GCC_VERSION = com.apple.compilers.llvmgcc42;
				GCC_WARN_ABOUT_MISSING_PROTOTYPES = YES;
				GCC_WARN_ABOUT_RETURN_TYPE = YES;
				GCC_WARN_UNUSED_VARIABLE = YES;
				IPHONEOS_DEPLOYMENT_TARGET = 4.0;
				OTHER_CFLAGS = "-DNS_BLOCK_ASSERTIONS=1";
				"PROVISIONING_PROFILE[sdk=iphoneos*]" = "7FF6A2FE-5367-4342-862D-A804563A1F66";
				SDKROOT = iphoneos;
				VALIDATE_PRODUCT = YES;
			};
			name = Release;
		};
		AC556AD713F8093A00DBDA69 /* Debug */ = {
			isa = XCBuildConfiguration;
			buildSettings = {
				GCC_PRECOMPILE_PREFIX_HEADER = YES;
				GCC_PREFIX_HEADER = "ARTV/ARTV-Prefix.pch";
				GCC_THUMB_SUPPORT = NO;
				GCC_VERSION = com.apple.compilers.llvm.clang.1_0;
				INFOPLIST_FILE = "ARTV/ARTV-Info.plist";
				IPHONEOS_DEPLOYMENT_TARGET = 4.0;
				PRODUCT_NAME = "$(TARGET_NAME)";
				WRAPPER_EXTENSION = app;
			};
			name = Debug;
		};
		AC556AD813F8093A00DBDA69 /* Release */ = {
			isa = XCBuildConfiguration;
			buildSettings = {
				GCC_PRECOMPILE_PREFIX_HEADER = YES;
				GCC_PREFIX_HEADER = "ARTV/ARTV-Prefix.pch";
				GCC_THUMB_SUPPORT = NO;
				GCC_VERSION = com.apple.compilers.llvm.clang.1_0;
				INFOPLIST_FILE = "ARTV/ARTV-Info.plist";
				IPHONEOS_DEPLOYMENT_TARGET = 4.0;
				PRODUCT_NAME = "$(TARGET_NAME)";
				WRAPPER_EXTENSION = app;
			};
			name = Release;
		};
/* End XCBuildConfiguration section */

/* Begin XCConfigurationList section */
		AC556AAF13F8093A00DBDA69 /* Build configuration list for PBXProject "ARTV" */ = {
			isa = XCConfigurationList;
			buildConfigurations = (
				AC556AD413F8093A00DBDA69 /* Debug */,
				AC556AD513F8093A00DBDA69 /* Release */,
			);
			defaultConfigurationIsVisible = 0;
			defaultConfigurationName = Release;
		};
		AC556AD613F8093A00DBDA69 /* Build configuration list for PBXNativeTarget "ARTV" */ = {
			isa = XCConfigurationList;
			buildConfigurations = (
				AC556AD713F8093A00DBDA69 /* Debug */,
				AC556AD813F8093A00DBDA69 /* Release */,
			);
			defaultConfigurationIsVisible = 0;
			defaultConfigurationName = Release;
		};
/* End XCConfigurationList section */
	};
	rootObject = AC556AAC13F8093A00DBDA69 /* Project object */;
}
